
Microsoft Visual Studio Solution File, Format Version 12.00
# Visual Studio Version 16
VisualStudioVersion = 16.0.33927.289
MinimumVisualStudioVersion = 10.0.40219.1
Project("{2150E333-8FDC-42A3-9474-1A3956D46DE8}") = "Task0", "Task0", "{9BF68435-8DE2-4711-AC13-E1783C3EA3BC}"
EndProject
Project("{FAE04EC0-301F-11D3-BF4B-00C04F79EFBC}") = "Tyuiu.DanilovAS.Sprint2.Task0.V2", "Tyuiu.DanilovAS.Sprint2.Task0.V2\Tyuiu.DanilovAS.Sprint2.Task0.V2.csproj", "{6AB7C006-519A-483E-AD24-8956AF71B544}"
EndProject
Project("{FAE04EC0-301F-11D3-BF4B-00C04F79EFBC}") = "Tyuiu.DanilovAS.Sprint2.Task0.V2.Lib", "Tyuiu.DanilovAS.Sprint2.Task0.V2.Lib\Tyuiu.DanilovAS.Sprint2.Task0.V2.Lib.csproj", "{913BD75A-2F2D-4C04-8DB8-5C5F8BCB6209}"
EndProject
Project("{FAE04EC0-301F-11D3-BF4B-00C04F79EFBC}") = "Tyuiu.DanilovAS.Sprint2.Task0.V2.Test", "Tyuiu.DanilovAS.Sprint2.Task0.V2.Test\Tyuiu.DanilovAS.Sprint2.Task0.V2.Test.csproj", "{2F656E92-DD67-4A10-B88C-8DEAFE8FCA68}"
EndProject
Project("{2150E333-8FDC-42A3-9474-1A3956D46DE8}") = "Task1", "Task1", "{92950DC3-C491-40DF-A1D5-1C6F09041F08}"
EndProject
Project("{FAE04EC0-301F-11D3-BF4B-00C04F79EFBC}") = "Tyuiu.DanilovAS.Sprint2.Task1.V21", "Tyuiu.DanilovAS.Sprint2.Task1.V21\Tyuiu.DanilovAS.Sprint2.Task1.V21.csproj", "{9E1431DA-1E97-4F13-B55A-B08C417D1E70}"
EndProject
Project("{FAE04EC0-301F-11D3-BF4B-00C04F79EFBC}") = "Tyuiu.DanilovAS.Sprint2.Task1.V21.Lib", "Tyuiu.DanilovAS.Sprint2.Task1.V21.Lib\Tyuiu.DanilovAS.Sprint2.Task1.V21.Lib.csproj", "{7CE911DB-AEF2-4246-A0A8-DD38D807BF61}"
EndProject
Project("{FAE04EC0-301F-11D3-BF4B-00C04F79EFBC}") = "Tyuiu.DanilovAS.Sprint2.Task1.V21.Test", "Tyuiu.DanilovAS.Sprint2.Task1.V21.Test\Tyuiu.DanilovAS.Sprint2.Task1.V21.Test.csproj", "{7F1B7CF6-FA3C-4CD9-A253-930C4AF9D95A}"
EndProject
Project("{2150E333-8FDC-42A3-9474-1A3956D46DE8}") = "Task2", "Task2", "{F17A4A85-3B45-49D7-AB97-09D68903B30B}"
EndProject
Project("{FAE04EC0-301F-11D3-BF4B-00C04F79EFBC}") = "Tyuiu.DanilovAS.Sprint2.Task2.V3", "Tyuiu.DanilovAS.Sprint2.Task2.V3\Tyuiu.DanilovAS.Sprint2.Task2.V3.csproj", "{3E9227AC-4074-4C96-943C-C4F84B805B35}"
EndProject
Project("{FAE04EC0-301F-11D3-BF4B-00C04F79EFBC}") = "Tyuiu.DanilovAS.Sprint2.Task2.V3.Lib", "Tyuiu.DanilovAS.Sprint2.Task2.V3.Lib\Tyuiu.DanilovAS.Sprint2.Task2.V3.Lib.csproj", "{9C1E7299-BD33-4BA8-BF7A-A177F3968AEC}"
EndProject
Project("{FAE04EC0-301F-11D3-BF4B-00C04F79EFBC}") = "Tyuiu.DanilovAS.Sprint2.Task2.V3.Test", "Tyuiu.DanilovAS.Sprint2.Task2.V3.Test\Tyuiu.DanilovAS.Sprint2.Task2.V3.Test.csproj", "{E196308E-75EA-4DFA-8546-9EF8998E29F9}"
EndProject
Project("{2150E333-8FDC-42A3-9474-1A3956D46DE8}") = "Task3", "Task3", "{E5BD58F3-7308-4266-A7A3-D80BE3D68963}"
EndProject
Project("{FAE04EC0-301F-11D3-BF4B-00C04F79EFBC}") = "Tyuiu.DanilovAS.Sprint2.Task3.V14", "Tyuiu.DanilovAS.Sprint2.Task3.V14\Tyuiu.DanilovAS.Sprint2.Task3.V14.csproj", "{F634898E-8086-40CD-A699-B47AE3D42933}"
EndProject
Project("{FAE04EC0-301F-11D3-BF4B-00C04F79EFBC}") = "Tyuiu.DanilovAS.Sprint2.Task3.V14.Lib", "Tyuiu.DanilovAS.Sprint2.Task3.V14.Lib\Tyuiu.DanilovAS.Sprint2.Task3.V14.Lib.csproj", "{71A64D75-DDF5-4D1B-B7E5-02B6AF0BC749}"
EndProject
Project("{FAE04EC0-301F-11D3-BF4B-00C04F79EFBC}") = "Tyuiu.DanilovAS.Sprint2.Task3.V14.Test", "Tyuiu.DanilovAS.Sprint2.Task3.V14.Test\Tyuiu.DanilovAS.Sprint2.Task3.V14.Test.csproj", "{0D6E1930-8C20-4FFA-925E-F76467F627FC}"
EndProject
Project("{2150E333-8FDC-42A3-9474-1A3956D46DE8}") = "Task4", "Task4", "{E84A21C8-2154-4805-BADF-F28C72A435AE}"
EndProject
Project("{FAE04EC0-301F-11D3-BF4B-00C04F79EFBC}") = "Tyuiu.DanilovAS.Sprint2.Task4.V25", "Tyuiu.DanilovAS.Sprint2.Task4.V25\Tyuiu.DanilovAS.Sprint2.Task4.V25.csproj", "{CD27B705-D55D-42EF-BB6D-8C8158C53E81}"
EndProject
Project("{FAE04EC0-301F-11D3-BF4B-00C04F79EFBC}") = "Tyuiu.DanilovAS.Sprint2.Task4.V25.Lib", "Tyuiu.DanilovAS.Sprint2.Task4.V25.Lib\Tyuiu.DanilovAS.Sprint2.Task4.V25.Lib.csproj", "{7C24BFB0-775C-4995-9967-A21EEF5A003C}"
EndProject
Project("{FAE04EC0-301F-11D3-BF4B-00C04F79EFBC}") = "Tyuiu.DanilovAS.Sprint2.Task4.V25.Test", "Tyuiu.DanilovAS.Sprint2.Task4.V25.Test\Tyuiu.DanilovAS.Sprint2.Task4.V25.Test.csproj", "{1613ED80-006A-4553-9E01-6100B707A16E}"
EndProject
Project("{2150E333-8FDC-42A3-9474-1A3956D46DE8}") = "Task5", "Task5", "{A52DB224-5D82-4416-B1C8-A6ED59BAD796}"
EndProject
Project("{FAE04EC0-301F-11D3-BF4B-00C04F79EFBC}") = "Tyuiu.DanilovAS.Sprint2.Task5.V14", "Tyuiu.DanilovAS.Sprint2.Task5.V14\Tyuiu.DanilovAS.Sprint2.Task5.V14.csproj", "{7DCEF4B2-432D-4189-B5F5-505E42AF3588}"
EndProject
Project("{FAE04EC0-301F-11D3-BF4B-00C04F79EFBC}") = "Tyuiu.DanilovAS.Sprint2.Task5.V14.Lib", "Tyuiu.DanilovAS.Sprint2.Task5.V14.Lib\Tyuiu.DanilovAS.Sprint2.Task5.V14.Lib.csproj", "{27A97F63-923D-43A4-9C7B-137C1B3A9C98}"
EndProject
Project("{FAE04EC0-301F-11D3-BF4B-00C04F79EFBC}") = "Tyuiu.DanilovAS.Sprint2.Task5.V14.Test", "Tyuiu.DanilovAS.Sprint2.Task5.V14.Test\Tyuiu.DanilovAS.Sprint2.Task5.V14.Test.csproj", "{D86A9BDC-5C45-423D-BCCD-BCFEBB59F1FB}"
EndProject
Project("{2150E333-8FDC-42A3-9474-1A3956D46DE8}") = "Task6", "Task6", "{D5B577A5-F34C-4BB9-AADD-7848B3EDF7A5}"
EndProject
Project("{2150E333-8FDC-42A3-9474-1A3956D46DE8}") = "Task7", "Task7", "{2D1D9C3E-D16E-424D-8977-3B74C2886CCD}"
EndProject
Project("{FAE04EC0-301F-11D3-BF4B-00C04F79EFBC}") = "Tyuiu.DanilovAS.Sprint2.Task6.V6", "Tyuiu.DanilovAS.Sprint2.Task6.V6\Tyuiu.DanilovAS.Sprint2.Task6.V6.csproj", "{89252471-3CB1-4890-96A4-A0B3AC902A9D}"
EndProject
Project("{FAE04EC0-301F-11D3-BF4B-00C04F79EFBC}") = "Tyuiu.DanilovAS.Sprint2.Task6.V6.Lib", "Tyuiu.DanilovAS.Sprint2.Task6.V6.Lib\Tyuiu.DanilovAS.Sprint2.Task6.V6.Lib.csproj", "{7D23A622-479F-4AF4-964D-B2FCB32885D6}"
EndProject
Project("{FAE04EC0-301F-11D3-BF4B-00C04F79EFBC}") = "Tyuiu.DanilovAS.Sprint2.Task6.V6.Test", "Tyuiu.DanilovAS.Sprint2.Task6.V6.Test\Tyuiu.DanilovAS.Sprint2.Task6.V6.Test.csproj", "{159B2D46-869D-465E-B037-2AE57B8738A4}"
EndProject
Global
	GlobalSection(SolutionConfigurationPlatforms) = preSolution
		Debug|Any CPU = Debug|Any CPU
		Release|Any CPU = Release|Any CPU
	EndGlobalSection
	GlobalSection(ProjectConfigurationPlatforms) = postSolution
		{6AB7C006-519A-483E-AD24-8956AF71B544}.Debug|Any CPU.ActiveCfg = Debug|Any CPU
		{6AB7C006-519A-483E-AD24-8956AF71B544}.Debug|Any CPU.Build.0 = Debug|Any CPU
		{6AB7C006-519A-483E-AD24-8956AF71B544}.Release|Any CPU.ActiveCfg = Release|Any CPU
		{6AB7C006-519A-483E-AD24-8956AF71B544}.Release|Any CPU.Build.0 = Release|Any CPU
		{913BD75A-2F2D-4C04-8DB8-5C5F8BCB6209}.Debug|Any CPU.ActiveCfg = Debug|Any CPU
		{913BD75A-2F2D-4C04-8DB8-5C5F8BCB6209}.Debug|Any CPU.Build.0 = Debug|Any CPU
		{913BD75A-2F2D-4C04-8DB8-5C5F8BCB6209}.Release|Any CPU.ActiveCfg = Release|Any CPU
		{913BD75A-2F2D-4C04-8DB8-5C5F8BCB6209}.Release|Any CPU.Build.0 = Release|Any CPU
		{2F656E92-DD67-4A10-B88C-8DEAFE8FCA68}.Debug|Any CPU.ActiveCfg = Debug|Any CPU
		{2F656E92-DD67-4A10-B88C-8DEAFE8FCA68}.Debug|Any CPU.Build.0 = Debug|Any CPU
		{2F656E92-DD67-4A10-B88C-8DEAFE8FCA68}.Release|Any CPU.ActiveCfg = Release|Any CPU
		{2F656E92-DD67-4A10-B88C-8DEAFE8FCA68}.Release|Any CPU.Build.0 = Release|Any CPU
		{9E1431DA-1E97-4F13-B55A-B08C417D1E70}.Debug|Any CPU.ActiveCfg = Debug|Any CPU
		{9E1431DA-1E97-4F13-B55A-B08C417D1E70}.Debug|Any CPU.Build.0 = Debug|Any CPU
		{9E1431DA-1E97-4F13-B55A-B08C417D1E70}.Release|Any CPU.ActiveCfg = Release|Any CPU
		{9E1431DA-1E97-4F13-B55A-B08C417D1E70}.Release|Any CPU.Build.0 = Release|Any CPU
		{7CE911DB-AEF2-4246-A0A8-DD38D807BF61}.Debug|Any CPU.ActiveCfg = Debug|Any CPU
		{7CE911DB-AEF2-4246-A0A8-DD38D807BF61}.Debug|Any CPU.Build.0 = Debug|Any CPU
		{7CE911DB-AEF2-4246-A0A8-DD38D807BF61}.Release|Any CPU.ActiveCfg = Release|Any CPU
		{7CE911DB-AEF2-4246-A0A8-DD38D807BF61}.Release|Any CPU.Build.0 = Release|Any CPU
		{7F1B7CF6-FA3C-4CD9-A253-930C4AF9D95A}.Debug|Any CPU.ActiveCfg = Debug|Any CPU
		{7F1B7CF6-FA3C-4CD9-A253-930C4AF9D95A}.Debug|Any CPU.Build.0 = Debug|Any CPU
		{7F1B7CF6-FA3C-4CD9-A253-930C4AF9D95A}.Release|Any CPU.ActiveCfg = Release|Any CPU
		{7F1B7CF6-FA3C-4CD9-A253-930C4AF9D95A}.Release|Any CPU.Build.0 = Release|Any CPU
		{3E9227AC-4074-4C96-943C-C4F84B805B35}.Debug|Any CPU.ActiveCfg = Debug|Any CPU
		{3E9227AC-4074-4C96-943C-C4F84B805B35}.Debug|Any CPU.Build.0 = Debug|Any CPU
		{3E9227AC-4074-4C96-943C-C4F84B805B35}.Release|Any CPU.ActiveCfg = Release|Any CPU
		{3E9227AC-4074-4C96-943C-C4F84B805B35}.Release|Any CPU.Build.0 = Release|Any CPU
		{9C1E7299-BD33-4BA8-BF7A-A177F3968AEC}.Debug|Any CPU.ActiveCfg = Debug|Any CPU
		{9C1E7299-BD33-4BA8-BF7A-A177F3968AEC}.Debug|Any CPU.Build.0 = Debug|Any CPU
		{9C1E7299-BD33-4BA8-BF7A-A177F3968AEC}.Release|Any CPU.ActiveCfg = Release|Any CPU
		{9C1E7299-BD33-4BA8-BF7A-A177F3968AEC}.Release|Any CPU.Build.0 = Release|Any CPU
		{E196308E-75EA-4DFA-8546-9EF8998E29F9}.Debug|Any CPU.ActiveCfg = Debug|Any CPU
		{E196308E-75EA-4DFA-8546-9EF8998E29F9}.Debug|Any CPU.Build.0 = Debug|Any CPU
		{E196308E-75EA-4DFA-8546-9EF8998E29F9}.Release|Any CPU.ActiveCfg = Release|Any CPU
		{E196308E-75EA-4DFA-8546-9EF8998E29F9}.Release|Any CPU.Build.0 = Release|Any CPU
		{F634898E-8086-40CD-A699-B47AE3D42933}.Debug|Any CPU.ActiveCfg = Debug|Any CPU
		{F634898E-8086-40CD-A699-B47AE3D42933}.Debug|Any CPU.Build.0 = Debug|Any CPU
		{F634898E-8086-40CD-A699-B47AE3D42933}.Release|Any CPU.ActiveCfg = Release|Any CPU
		{F634898E-8086-40CD-A699-B47AE3D42933}.Release|Any CPU.Build.0 = Release|Any CPU
		{71A64D75-DDF5-4D1B-B7E5-02B6AF0BC749}.Debug|Any CPU.ActiveCfg = Debug|Any CPU
		{71A64D75-DDF5-4D1B-B7E5-02B6AF0BC749}.Debug|Any CPU.Build.0 = Debug|Any CPU
		{71A64D75-DDF5-4D1B-B7E5-02B6AF0BC749}.Release|Any CPU.ActiveCfg = Release|Any CPU
		{71A64D75-DDF5-4D1B-B7E5-02B6AF0BC749}.Release|Any CPU.Build.0 = Release|Any CPU
		{0D6E1930-8C20-4FFA-925E-F76467F627FC}.Debug|Any CPU.ActiveCfg = Debug|Any CPU
		{0D6E1930-8C20-4FFA-925E-F76467F627FC}.Debug|Any CPU.Build.0 = Debug|Any CPU
		{0D6E1930-8C20-4FFA-925E-F76467F627FC}.Release|Any CPU.ActiveCfg = Release|Any CPU
		{0D6E1930-8C20-4FFA-925E-F76467F627FC}.Release|Any CPU.Build.0 = Release|Any CPU
		{CD27B705-D55D-42EF-BB6D-8C8158C53E81}.Debug|Any CPU.ActiveCfg = Debug|Any CPU
		{CD27B705-D55D-42EF-BB6D-8C8158C53E81}.Debug|Any CPU.Build.0 = Debug|Any CPU
		{CD27B705-D55D-42EF-BB6D-8C8158C53E81}.Release|Any CPU.ActiveCfg = Release|Any CPU
		{CD27B705-D55D-42EF-BB6D-8C8158C53E81}.Release|Any CPU.Build.0 = Release|Any CPU
		{7C24BFB0-775C-4995-9967-A21EEF5A003C}.Debug|Any CPU.ActiveCfg = Debug|Any CPU
		{7C24BFB0-775C-4995-9967-A21EEF5A003C}.Debug|Any CPU.Build.0 = Debug|Any CPU
		{7C24BFB0-775C-4995-9967-A21EEF5A003C}.Release|Any CPU.ActiveCfg = Release|Any CPU
		{7C24BFB0-775C-4995-9967-A21EEF5A003C}.Release|Any CPU.Build.0 = Release|Any CPU
		{1613ED80-006A-4553-9E01-6100B707A16E}.Debug|Any CPU.ActiveCfg = Debug|Any CPU
		{1613ED80-006A-4553-9E01-6100B707A16E}.Debug|Any CPU.Build.0 = Debug|Any CPU
		{1613ED80-006A-4553-9E01-6100B707A16E}.Release|Any CPU.ActiveCfg = Release|Any CPU
		{1613ED80-006A-4553-9E01-6100B707A16E}.Release|Any CPU.Build.0 = Release|Any CPU
		{7DCEF4B2-432D-4189-B5F5-505E42AF3588}.Debug|Any CPU.ActiveCfg = Debug|Any CPU
		{7DCEF4B2-432D-4189-B5F5-505E42AF3588}.Debug|Any CPU.Build.0 = Debug|Any CPU
		{7DCEF4B2-432D-4189-B5F5-505E42AF3588}.Release|Any CPU.ActiveCfg = Release|Any CPU
		{7DCEF4B2-432D-4189-B5F5-505E42AF3588}.Release|Any CPU.Build.0 = Release|Any CPU
		{27A97F63-923D-43A4-9C7B-137C1B3A9C98}.Debug|Any CPU.ActiveCfg = Debug|Any CPU
		{27A97F63-923D-43A4-9C7B-137C1B3A9C98}.Debug|Any CPU.Build.0 = Debug|Any CPU
		{27A97F63-923D-43A4-9C7B-137C1B3A9C98}.Release|Any CPU.ActiveCfg = Release|Any CPU
		{27A97F63-923D-43A4-9C7B-137C1B3A9C98}.Release|Any CPU.Build.0 = Release|Any CPU
		{D86A9BDC-5C45-423D-BCCD-BCFEBB59F1FB}.Debug|Any CPU.ActiveCfg = Debug|Any CPU
		{D86A9BDC-5C45-423D-BCCD-BCFEBB59F1FB}.Debug|Any CPU.Build.0 = Debug|Any CPU
		{D86A9BDC-5C45-423D-BCCD-BCFEBB59F1FB}.Release|Any CPU.ActiveCfg = Release|Any CPU
		{D86A9BDC-5C45-423D-BCCD-BCFEBB59F1FB}.Release|Any CPU.Build.0 = Release|Any CPU
		{89252471-3CB1-4890-96A4-A0B3AC902A9D}.Debug|Any CPU.ActiveCfg = Debug|Any CPU
		{89252471-3CB1-4890-96A4-A0B3AC902A9D}.Debug|Any CPU.Build.0 = Debug|Any CPU
		{89252471-3CB1-4890-96A4-A0B3AC902A9D}.Release|Any CPU.ActiveCfg = Release|Any CPU
		{89252471-3CB1-4890-96A4-A0B3AC902A9D}.Release|Any CPU.Build.0 = Release|Any CPU
		{7D23A622-479F-4AF4-964D-B2FCB32885D6}.Debug|Any CPU.ActiveCfg = Debug|Any CPU
		{7D23A622-479F-4AF4-964D-B2FCB32885D6}.Debug|Any CPU.Build.0 = Debug|Any CPU
		{7D23A622-479F-4AF4-964D-B2FCB32885D6}.Release|Any CPU.ActiveCfg = Release|Any CPU
		{7D23A622-479F-4AF4-964D-B2FCB32885D6}.Release|Any CPU.Build.0 = Release|Any CPU
		{159B2D46-869D-465E-B037-2AE57B8738A4}.Debug|Any CPU.ActiveCfg = Debug|Any CPU
		{159B2D46-869D-465E-B037-2AE57B8738A4}.Debug|Any CPU.Build.0 = Debug|Any CPU
		{159B2D46-869D-465E-B037-2AE57B8738A4}.Release|Any CPU.ActiveCfg = Release|Any CPU
		{159B2D46-869D-465E-B037-2AE57B8738A4}.Release|Any CPU.Build.0 = Release|Any CPU
	EndGlobalSection
	GlobalSection(SolutionProperties) = preSolution
		HideSolutionNode = FALSE
	EndGlobalSection
	GlobalSection(NestedProjects) = preSolution
		{6AB7C006-519A-483E-AD24-8956AF71B544} = {9BF68435-8DE2-4711-AC13-E1783C3EA3BC}
		{913BD75A-2F2D-4C04-8DB8-5C5F8BCB6209} = {9BF68435-8DE2-4711-AC13-E1783C3EA3BC}
		{2F656E92-DD67-4A10-B88C-8DEAFE8FCA68} = {9BF68435-8DE2-4711-AC13-E1783C3EA3BC}
		{9E1431DA-1E97-4F13-B55A-B08C417D1E70} = {92950DC3-C491-40DF-A1D5-1C6F09041F08}
		{7CE911DB-AEF2-4246-A0A8-DD38D807BF61} = {92950DC3-C491-40DF-A1D5-1C6F09041F08}
		{7F1B7CF6-FA3C-4CD9-A253-930C4AF9D95A} = {92950DC3-C491-40DF-A1D5-1C6F09041F08}
		{3E9227AC-4074-4C96-943C-C4F84B805B35} = {F17A4A85-3B45-49D7-AB97-09D68903B30B}
		{9C1E7299-BD33-4BA8-BF7A-A177F3968AEC} = {F17A4A85-3B45-49D7-AB97-09D68903B30B}
		{E196308E-75EA-4DFA-8546-9EF8998E29F9} = {F17A4A85-3B45-49D7-AB97-09D68903B30B}
		{F634898E-8086-40CD-A699-B47AE3D42933} = {E5BD58F3-7308-4266-A7A3-D80BE3D68963}
		{71A64D75-DDF5-4D1B-B7E5-02B6AF0BC749} = {E5BD58F3-7308-4266-A7A3-D80BE3D68963}
		{0D6E1930-8C20-4FFA-925E-F76467F627FC} = {E5BD58F3-7308-4266-A7A3-D80BE3D68963}
		{CD27B705-D55D-42EF-BB6D-8C8158C53E81} = {E84A21C8-2154-4805-BADF-F28C72A435AE}
		{7C24BFB0-775C-4995-9967-A21EEF5A003C} = {E84A21C8-2154-4805-BADF-F28C72A435AE}
		{1613ED80-006A-4553-9E01-6100B707A16E} = {E84A21C8-2154-4805-BADF-F28C72A435AE}
		{7DCEF4B2-432D-4189-B5F5-505E42AF3588} = {A52DB224-5D82-4416-B1C8-A6ED59BAD796}
		{27A97F63-923D-43A4-9C7B-137C1B3A9C98} = {A52DB224-5D82-4416-B1C8-A6ED59BAD796}
		{D86A9BDC-5C45-423D-BCCD-BCFEBB59F1FB} = {A52DB224-5D82-4416-B1C8-A6ED59BAD796}
		{89252471-3CB1-4890-96A4-A0B3AC902A9D} = {D5B577A5-F34C-4BB9-AADD-7848B3EDF7A5}
		{7D23A622-479F-4AF4-964D-B2FCB32885D6} = {D5B577A5-F34C-4BB9-AADD-7848B3EDF7A5}
		{159B2D46-869D-465E-B037-2AE57B8738A4} = {D5B577A5-F34C-4BB9-AADD-7848B3EDF7A5}
	EndGlobalSection
	GlobalSection(ExtensibilityGlobals) = postSolution
		SolutionGuid = {C4AA3CD3-7CA8-4553-B8EA-D87135C8EBB9}
	EndGlobalSection
EndGlobal
